
Microsoft Visual Studio Solution File, Format Version 12.00
# Visual Studio 15
VisualStudioVersion = 15.0.26403.7
MinimumVisualStudioVersion = 10.0.40219.1
Project("{8BC9CEB8-8B4A-11D0-8D11-00A0C91BC942}") = "ClockRadio", "ClockRadio.vcxproj", "{C5F80730-F44F-4478-BDAE-6634EFC2CA88}"
EndProject
Project("{8BC9CEB8-8B4A-11D0-8D11-00A0C91BC942}") = "Adafruit_GFX_Library", "..\libraries\Adafruit_GFX_Library\Adafruit_GFX_Library.vcxitems", "{D5E7F93F-1F01-4D7F-A4A4-47DB90B34932}"
EndProject
Project("{8BC9CEB8-8B4A-11D0-8D11-00A0C91BC942}") = "Adafruit_LED_Backpack_Library", "..\libraries\Adafruit_LED_Backpack_Library\Adafruit_LED_Backpack_Library.vcxitems", "{E8B35B66-CBBE-4783-B3D6-7C28CEF9BD21}"
EndProject
Project("{8BC9CEB8-8B4A-11D0-8D11-00A0C91BC942}") = "Adafruit_MPR121", "..\libraries\Adafruit_MPR121\Adafruit_MPR121.vcxitems", "{02AE6A85-0065-4596-904F-F1E313C42A03}"
EndProject
Project("{8BC9CEB8-8B4A-11D0-8D11-00A0C91BC942}") = "WiFiManager", "..\libraries\WiFiManager\WiFiManager.vcxitems", "{6E0D6756-50D9-40CE-B483-42F2D61374A9}"
EndProject
Project("{8BC9CEB8-8B4A-11D0-8D11-00A0C91BC942}") = "NTPClient", "..\libraries\NTPClient\NTPClient.vcxitems", "{6DBF8188-3884-463C-9F00-44273DBF94DF}"
EndProject
Project("{8BC9CEB8-8B4A-11D0-8D11-00A0C91BC942}") = "ESP8266WiFi", "..\hardware\esp8266com\esp8266\libraries\ESP8266WiFi\ESP8266WiFi.vcxitems", "{A64AF9E2-E7FD-4CBC-BDFE-C98F62BFAFD2}"
EndProject
Project("{8BC9CEB8-8B4A-11D0-8D11-00A0C91BC942}") = "Wire", "..\hardware\esp8266com\esp8266\libraries\Wire\Wire.vcxitems", "{C6006662-4C51-436E-9661-2C48CD18A4C4}"
EndProject
Global
	GlobalSection(SolutionConfigurationPlatforms) = preSolution
		Debug|x86 = Debug|x86
		Release|x86 = Release|x86
	EndGlobalSection
	GlobalSection(ProjectConfigurationPlatforms) = postSolution
		{C5F80730-F44F-4478-BDAE-6634EFC2CA88}.Debug|x86.ActiveCfg = Debug|Win32
		{C5F80730-F44F-4478-BDAE-6634EFC2CA88}.Debug|x86.Build.0 = Debug|Win32
		{C5F80730-F44F-4478-BDAE-6634EFC2CA88}.Release|x86.ActiveCfg = Release|Win32
		{C5F80730-F44F-4478-BDAE-6634EFC2CA88}.Release|x86.Build.0 = Release|Win32
	EndGlobalSection
	GlobalSection(SolutionProperties) = preSolution
		HideSolutionNode = FALSE
	EndGlobalSection
EndGlobal
